
Microsoft Visual Studio Solution File, Format Version 12.00
# Visual Studio 14
VisualStudioVersion = 14.0.25420.1
MinimumVisualStudioVersion = 10.0.40219.1
Project("{FAE04EC0-301F-11D3-BF4B-00C04F79EFBC}") = "WorkWithTriangle", "Task1\WorkWithTriangle.csproj", "{076357B6-DEEC-4029-94B0-4F785435F618}"
EndProject
Project("{FAE04EC0-301F-11D3-BF4B-00C04F79EFBC}") = "Calculation", "CalculationTriangleParameters\Calculation.csproj", "{3F168B99-2D25-463C-ABC2-A8028BEFB64A}"
EndProject
Project("{FAE04EC0-301F-11D3-BF4B-00C04F79EFBC}") = "CalculationTriangle.Tests", "CalculationTriangle.Tests\CalculationTriangle.Tests.csproj", "{EF2A0342-03AB-4C10-89A1-B2E3811F0D7E}"
EndProject
Global
	GlobalSection(SolutionConfigurationPlatforms) = preSolution
		Debug|Any CPU = Debug|Any CPU
		Release|Any CPU = Release|Any CPU
	EndGlobalSection
	GlobalSection(ProjectConfigurationPlatforms) = postSolution
		{076357B6-DEEC-4029-94B0-4F785435F618}.Debug|Any CPU.ActiveCfg = Debug|Any CPU
		{076357B6-DEEC-4029-94B0-4F785435F618}.Debug|Any CPU.Build.0 = Debug|Any CPU
		{076357B6-DEEC-4029-94B0-4F785435F618}.Release|Any CPU.ActiveCfg = Release|Any CPU
		{076357B6-DEEC-4029-94B0-4F785435F618}.Release|Any CPU.Build.0 = Release|Any CPU
		{3F168B99-2D25-463C-ABC2-A8028BEFB64A}.Debug|Any CPU.ActiveCfg = Debug|Any CPU
		{3F168B99-2D25-463C-ABC2-A8028BEFB64A}.Debug|Any CPU.Build.0 = Debug|Any CPU
		{3F168B99-2D25-463C-ABC2-A8028BEFB64A}.Release|Any CPU.ActiveCfg = Release|Any CPU
		{3F168B99-2D25-463C-ABC2-A8028BEFB64A}.Release|Any CPU.Build.0 = Release|Any CPU
		{EF2A0342-03AB-4C10-89A1-B2E3811F0D7E}.Debug|Any CPU.ActiveCfg = Debug|Any CPU
		{EF2A0342-03AB-4C10-89A1-B2E3811F0D7E}.Debug|Any CPU.Build.0 = Debug|Any CPU
		{EF2A0342-03AB-4C10-89A1-B2E3811F0D7E}.Release|Any CPU.ActiveCfg = Release|Any CPU
		{EF2A0342-03AB-4C10-89A1-B2E3811F0D7E}.Release|Any CPU.Build.0 = Release|Any CPU
	EndGlobalSection
	GlobalSection(SolutionProperties) = preSolution
		HideSolutionNode = FALSE
	EndGlobalSection
EndGlobal
