
Microsoft Visual Studio Solution File, Format Version 12.00
# Visual Studio 14
VisualStudioVersion = 14.0.25420.1
MinimumVisualStudioVersion = 10.0.40219.1
Project("{FAE04EC0-301F-11D3-BF4B-00C04F79EFBC}") = "WorkWithTriangle", "Task1\WorkWithTriangle.csproj", "{076357B6-DEEC-4029-94B0-4F785435F618}"
EndProject
Project("{FAE04EC0-301F-11D3-BF4B-00C04F79EFBC}") = "WorkWithTriangle.Tests", "WorkWithTriangle.Tests\WorkWithTriangle.Tests.csproj", "{18008CCC-BE31-4B3B-BCAF-B2C820CE4127}"
EndProject
Global
	GlobalSection(SolutionConfigurationPlatforms) = preSolution
		Debug|Any CPU = Debug|Any CPU
		Release|Any CPU = Release|Any CPU
	EndGlobalSection
	GlobalSection(ProjectConfigurationPlatforms) = postSolution
		{076357B6-DEEC-4029-94B0-4F785435F618}.Debug|Any CPU.ActiveCfg = Debug|Any CPU
		{076357B6-DEEC-4029-94B0-4F785435F618}.Debug|Any CPU.Build.0 = Debug|Any CPU
		{076357B6-DEEC-4029-94B0-4F785435F618}.Release|Any CPU.ActiveCfg = Release|Any CPU
		{076357B6-DEEC-4029-94B0-4F785435F618}.Release|Any CPU.Build.0 = Release|Any CPU
		{18008CCC-BE31-4B3B-BCAF-B2C820CE4127}.Debug|Any CPU.ActiveCfg = Debug|Any CPU
		{18008CCC-BE31-4B3B-BCAF-B2C820CE4127}.Debug|Any CPU.Build.0 = Debug|Any CPU
		{18008CCC-BE31-4B3B-BCAF-B2C820CE4127}.Release|Any CPU.ActiveCfg = Release|Any CPU
		{18008CCC-BE31-4B3B-BCAF-B2C820CE4127}.Release|Any CPU.Build.0 = Release|Any CPU
	EndGlobalSection
	GlobalSection(SolutionProperties) = preSolution
		HideSolutionNode = FALSE
	EndGlobalSection
EndGlobal
